
Microsoft Visual Studio Solution File, Format Version 12.00
# Visual Studio Version 17
VisualStudioVersion = 17.7.34221.43
MinimumVisualStudioVersion = 10.0.40219.1
Project("{FAE04EC0-301F-11D3-BF4B-00C04F79EFBC}") = "FShop", "FShop\FShop.csproj", "{4EED01B7-2B51-42DB-8D8D-A44315F6AC01}"
EndProject
Global
	GlobalSection(SolutionConfigurationPlatforms) = preSolution
		Debug|Any CPU = Debug|Any CPU
		Release|Any CPU = Release|Any CPU
	EndGlobalSection
	GlobalSection(ProjectConfigurationPlatforms) = postSolution
		{4EED01B7-2B51-42DB-8D8D-A44315F6AC01}.Debug|Any CPU.ActiveCfg = Debug|Any CPU
		{4EED01B7-2B51-42DB-8D8D-A44315F6AC01}.Debug|Any CPU.Build.0 = Debug|Any CPU
		{4EED01B7-2B51-42DB-8D8D-A44315F6AC01}.Release|Any CPU.ActiveCfg = Release|Any CPU
		{4EED01B7-2B51-42DB-8D8D-A44315F6AC01}.Release|Any CPU.Build.0 = Release|Any CPU
	EndGlobalSection
	GlobalSection(SolutionProperties) = preSolution
		HideSolutionNode = FALSE
	EndGlobalSection
	GlobalSection(ExtensibilityGlobals) = postSolution
		SolutionGuid = {D672FA8E-19FC-4C31-BCCF-A8AB4F9F1869}
	EndGlobalSection
EndGlobal
